
Microsoft Visual Studio Solution File, Format Version 12.00
# Visual Studio 2013
VisualStudioVersion = 12.0.40629.0
MinimumVisualStudioVersion = 10.0.40219.1
Project("{FAE04EC0-301F-11D3-BF4B-00C04F79EFBC}") = "FrameworkEx", "FrameworkEx\FrameworkEx.csproj", "{87CC4A36-0475-4C81-8802-B16EFCB3FE80}"
EndProject
Project("{FAE04EC0-301F-11D3-BF4B-00C04F79EFBC}") = "FrameworkEx.NUnit", "FrameworkEx.NUnit\FrameworkEx.NUnit.csproj", "{7F109083-BCFB-4C24-96B6-5CE8E8F5D9F6}"
EndProject
Project("{FAE04EC0-301F-11D3-BF4B-00C04F79EFBC}") = "UnitTests", "UnitTests\UnitTests.csproj", "{2416B162-630F-4986-A858-6114EA6EE5B1}"
EndProject
Project("{FAE04EC0-301F-11D3-BF4B-00C04F79EFBC}") = "FrameworkEx.Rx", "FrameworkEx.Rx\FrameworkEx.Rx.csproj", "{14B47EC8-C5D5-449D-9494-FF940BC1BBA7}"
EndProject
Project("{FAE04EC0-301F-11D3-BF4B-00C04F79EFBC}") = "FrameworkEx.Wpf", "FrameworkEx.Wpf\FrameworkEx.Wpf.csproj", "{E637EC5C-7479-46D2-BF41-99E497087F39}"
EndProject
Global
	GlobalSection(SolutionConfigurationPlatforms) = preSolution
		Debug|Any CPU = Debug|Any CPU
		Release|Any CPU = Release|Any CPU
	EndGlobalSection
	GlobalSection(ProjectConfigurationPlatforms) = postSolution
		{87CC4A36-0475-4C81-8802-B16EFCB3FE80}.Debug|Any CPU.ActiveCfg = Debug|Any CPU
		{87CC4A36-0475-4C81-8802-B16EFCB3FE80}.Debug|Any CPU.Build.0 = Debug|Any CPU
		{87CC4A36-0475-4C81-8802-B16EFCB3FE80}.Release|Any CPU.ActiveCfg = Release|Any CPU
		{87CC4A36-0475-4C81-8802-B16EFCB3FE80}.Release|Any CPU.Build.0 = Release|Any CPU
		{7F109083-BCFB-4C24-96B6-5CE8E8F5D9F6}.Debug|Any CPU.ActiveCfg = Debug|Any CPU
		{7F109083-BCFB-4C24-96B6-5CE8E8F5D9F6}.Debug|Any CPU.Build.0 = Debug|Any CPU
		{7F109083-BCFB-4C24-96B6-5CE8E8F5D9F6}.Release|Any CPU.ActiveCfg = Release|Any CPU
		{7F109083-BCFB-4C24-96B6-5CE8E8F5D9F6}.Release|Any CPU.Build.0 = Release|Any CPU
		{2416B162-630F-4986-A858-6114EA6EE5B1}.Debug|Any CPU.ActiveCfg = Debug|Any CPU
		{2416B162-630F-4986-A858-6114EA6EE5B1}.Debug|Any CPU.Build.0 = Debug|Any CPU
		{2416B162-630F-4986-A858-6114EA6EE5B1}.Release|Any CPU.ActiveCfg = Release|Any CPU
		{2416B162-630F-4986-A858-6114EA6EE5B1}.Release|Any CPU.Build.0 = Release|Any CPU
		{14B47EC8-C5D5-449D-9494-FF940BC1BBA7}.Debug|Any CPU.ActiveCfg = Debug|Any CPU
		{14B47EC8-C5D5-449D-9494-FF940BC1BBA7}.Debug|Any CPU.Build.0 = Debug|Any CPU
		{14B47EC8-C5D5-449D-9494-FF940BC1BBA7}.Release|Any CPU.ActiveCfg = Release|Any CPU
		{14B47EC8-C5D5-449D-9494-FF940BC1BBA7}.Release|Any CPU.Build.0 = Release|Any CPU
		{E637EC5C-7479-46D2-BF41-99E497087F39}.Debug|Any CPU.ActiveCfg = Debug|Any CPU
		{E637EC5C-7479-46D2-BF41-99E497087F39}.Debug|Any CPU.Build.0 = Debug|Any CPU
		{E637EC5C-7479-46D2-BF41-99E497087F39}.Release|Any CPU.ActiveCfg = Release|Any CPU
		{E637EC5C-7479-46D2-BF41-99E497087F39}.Release|Any CPU.Build.0 = Release|Any CPU
	EndGlobalSection
	GlobalSection(SolutionProperties) = preSolution
		HideSolutionNode = FALSE
	EndGlobalSection
EndGlobal
